// !$*UTF8*$!
{
	archiveVersion = 1;
	classes = {
	};
	objectVersion = 56;
	objects = {

/* Begin PBXBuildFile section */
		CD053510297D1E17003C6B68 /* TwitterSwiftUICloneApp.swift in Sources */ = {isa = PBXBuildFile; fileRef = CD05350F297D1E17003C6B68 /* TwitterSwiftUICloneApp.swift */; };
		CD053512297D1E17003C6B68 /* ContentView.swift in Sources */ = {isa = PBXBuildFile; fileRef = CD053511297D1E17003C6B68 /* ContentView.swift */; };
		CD053514297D1E18003C6B68 /* Assets.xcassets in Resources */ = {isa = PBXBuildFile; fileRef = CD053513297D1E18003C6B68 /* Assets.xcassets */; };
		CD053517297D1E18003C6B68 /* Preview Assets.xcassets in Resources */ = {isa = PBXBuildFile; fileRef = CD053516297D1E18003C6B68 /* Preview Assets.xcassets */; };
		CD053527297D3060003C6B68 /* FeedView.swift in Sources */ = {isa = PBXBuildFile; fileRef = CD053526297D3060003C6B68 /* FeedView.swift */; };
		CD05352A297D31F6003C6B68 /* TweetRowView.swift in Sources */ = {isa = PBXBuildFile; fileRef = CD053529297D31F6003C6B68 /* TweetRowView.swift */; };
		CD05352D297D4467003C6B68 /* MainTapView.swift in Sources */ = {isa = PBXBuildFile; fileRef = CD05352C297D4467003C6B68 /* MainTapView.swift */; };
		CD053533297D45AA003C6B68 /* ExploreView.swift in Sources */ = {isa = PBXBuildFile; fileRef = CD053532297D45AA003C6B68 /* ExploreView.swift */; };
		CD053535297D45C0003C6B68 /* NotificationView.swift in Sources */ = {isa = PBXBuildFile; fileRef = CD053534297D45C0003C6B68 /* NotificationView.swift */; };
		CD053537297D45D6003C6B68 /* MessageView.swift in Sources */ = {isa = PBXBuildFile; fileRef = CD053536297D45D6003C6B68 /* MessageView.swift */; };
		CD05353B297D4694003C6B68 /* ProfileView.swift in Sources */ = {isa = PBXBuildFile; fileRef = CD05353A297D4694003C6B68 /* ProfileView.swift */; };
		CD05353D297D4F5C003C6B68 /* TweetFilterViewModel.swift in Sources */ = {isa = PBXBuildFile; fileRef = CD05353C297D4F5C003C6B68 /* TweetFilterViewModel.swift */; };
		CD0818F42993EC5B00285442 /* ExploreViewModel.swift in Sources */ = {isa = PBXBuildFile; fileRef = CD0818F32993EC5B00285442 /* ExploreViewModel.swift */; };
		CD1A72C629968E9500B0EF11 /* TweetService.swift in Sources */ = {isa = PBXBuildFile; fileRef = CD1A72C529968E9500B0EF11 /* TweetService.swift */; };
		CD1A72C82996903B00B0EF11 /* UploadTweetViewModel.swift in Sources */ = {isa = PBXBuildFile; fileRef = CD1A72C72996903B00B0EF11 /* UploadTweetViewModel.swift */; };
		CD1A72CA299694F300B0EF11 /* FeedViewModel.swift in Sources */ = {isa = PBXBuildFile; fileRef = CD1A72C9299694F300B0EF11 /* FeedViewModel.swift */; };
		CD1A72CC2996958900B0EF11 /* Tweet.swift in Sources */ = {isa = PBXBuildFile; fileRef = CD1A72CB2996958900B0EF11 /* Tweet.swift */; };
		CD1A72CE29969B9B00B0EF11 /* ProfileViewModel.swift in Sources */ = {isa = PBXBuildFile; fileRef = CD1A72CD29969B9B00B0EF11 /* ProfileViewModel.swift */; };
		CD24ED73298C9ACA00F3705B /* ProfilePhotoSelectorView.swift in Sources */ = {isa = PBXBuildFile; fileRef = CD24ED72298C9ACA00F3705B /* ProfilePhotoSelectorView.swift */; };
		CD24ED76298CA40C00F3705B /* ImagePicker.swift in Sources */ = {isa = PBXBuildFile; fileRef = CD24ED75298CA40C00F3705B /* ImagePicker.swift */; };
		CD24ED78298CAD4300F3705B /* ImageUploader.swift in Sources */ = {isa = PBXBuildFile; fileRef = CD24ED77298CAD4300F3705B /* ImageUploader.swift */; };
		CD2A92252980F28900FA4145 /* UserRowView.swift in Sources */ = {isa = PBXBuildFile; fileRef = CD2A92242980F28900FA4145 /* UserRowView.swift */; };
		CD2A922A2980F62200FA4145 /* SideMenuView.swift in Sources */ = {isa = PBXBuildFile; fileRef = CD2A92292980F62200FA4145 /* SideMenuView.swift */; };
		CD2A922D2980F62F00FA4145 /* SidMenuRowView.swift in Sources */ = {isa = PBXBuildFile; fileRef = CD2A922C2980F62F00FA4145 /* SidMenuRowView.swift */; };
		CD2A922F2980F63C00FA4145 /* SideMenuViewModel.swift in Sources */ = {isa = PBXBuildFile; fileRef = CD2A922E2980F63C00FA4145 /* SideMenuViewModel.swift */; };
		CD2A92312980F7B700FA4145 /* UserStatsView.swift in Sources */ = {isa = PBXBuildFile; fileRef = CD2A92302980F7B700FA4145 /* UserStatsView.swift */; };
		CD2A92332981026700FA4145 /* SideMenuOptionRowView.swift in Sources */ = {isa = PBXBuildFile; fileRef = CD2A92322981026700FA4145 /* SideMenuOptionRowView.swift */; };
		CD59936C2988DE480072301F /* AuthHeaderView.swift in Sources */ = {isa = PBXBuildFile; fileRef = CD59936B2988DE480072301F /* AuthHeaderView.swift */; };
		CD59936E2988E2C20072301F /* GoogleService-Info.plist in Resources */ = {isa = PBXBuildFile; fileRef = CD59936D2988E2C20072301F /* GoogleService-Info.plist */; };
		CD5993712988E3F00072301F /* FirebaseAuth in Frameworks */ = {isa = PBXBuildFile; productRef = CD5993702988E3F00072301F /* FirebaseAuth */; };
		CD5993732988E3F00072301F /* FirebaseFirestore in Frameworks */ = {isa = PBXBuildFile; productRef = CD5993722988E3F00072301F /* FirebaseFirestore */; };
		CD5993752988E3F00072301F /* FirebaseFirestoreSwift in Frameworks */ = {isa = PBXBuildFile; productRef = CD5993742988E3F00072301F /* FirebaseFirestoreSwift */; };
		CD5993772988E3F00072301F /* FirebaseStorage in Frameworks */ = {isa = PBXBuildFile; productRef = CD5993762988E3F00072301F /* FirebaseStorage */; };
		CD5993792988E5B00072301F /* AuthViewModel.swift in Sources */ = {isa = PBXBuildFile; fileRef = CD5993782988E5B00072301F /* AuthViewModel.swift */; };
		CD91B98029986ABC00B74AAB /* TweetRowViewModel.swift in Sources */ = {isa = PBXBuildFile; fileRef = CD91B97F29986ABC00B74AAB /* TweetRowViewModel.swift */; };
		CDA9A3732984B65100B56581 /* NewTweetView.swift in Sources */ = {isa = PBXBuildFile; fileRef = CDA9A3722984B65100B56581 /* NewTweetView.swift */; };
		CDA9A3752984B74000B56581 /* TextArea.swift in Sources */ = {isa = PBXBuildFile; fileRef = CDA9A3742984B73F00B56581 /* TextArea.swift */; };
		CDA9A37A2984BE5600B56581 /* LoginView.swift in Sources */ = {isa = PBXBuildFile; fileRef = CDA9A3792984BE5600B56581 /* LoginView.swift */; };
		CDA9A37C2984BE5F00B56581 /* RegistrationView.swift in Sources */ = {isa = PBXBuildFile; fileRef = CDA9A37B2984BE5F00B56581 /* RegistrationView.swift */; };
		CDA9A37E2984C00A00B56581 /* RoundedShape.swift in Sources */ = {isa = PBXBuildFile; fileRef = CDA9A37D2984C00A00B56581 /* RoundedShape.swift */; };
		CDA9A3802984C5AA00B56581 /* CustomInputField.swift in Sources */ = {isa = PBXBuildFile; fileRef = CDA9A37F2984C5AA00B56581 /* CustomInputField.swift */; };
		CDCE6878299689FC00AD2E51 /* SearchBar.swift in Sources */ = {isa = PBXBuildFile; fileRef = CDCE6877299689FC00AD2E51 /* SearchBar.swift */; };
		CDF94F6C29932AF00071B283 /* UserService.swift in Sources */ = {isa = PBXBuildFile; fileRef = CDF94F6B29932AF00071B283 /* UserService.swift */; };
		CDF94F6F29932C8A0071B283 /* User.swift in Sources */ = {isa = PBXBuildFile; fileRef = CDF94F6E29932C8A0071B283 /* User.swift */; };
		CDF94F722993360C0071B283 /* Kingfisher in Frameworks */ = {isa = PBXBuildFile; productRef = CDF94F712993360C0071B283 /* Kingfisher */; };
/* End PBXBuildFile section */

/* Begin PBXFileReference section */
		CD05350C297D1E17003C6B68 /* TwitterSwiftUIClone.app */ = {isa = PBXFileReference; explicitFileType = wrapper.application; includeInIndex = 0; path = TwitterSwiftUIClone.app; sourceTree = BUILT_PRODUCTS_DIR; };
		CD05350F297D1E17003C6B68 /* TwitterSwiftUICloneApp.swift */ = {isa = PBXFileReference; lastKnownFileType = sourcecode.swift; path = TwitterSwiftUICloneApp.swift; sourceTree = "<group>"; };
		CD053511297D1E17003C6B68 /* ContentView.swift */ = {isa = PBXFileReference; lastKnownFileType = sourcecode.swift; path = ContentView.swift; sourceTree = "<group>"; };
		CD053513297D1E18003C6B68 /* Assets.xcassets */ = {isa = PBXFileReference; lastKnownFileType = folder.assetcatalog; path = Assets.xcassets; sourceTree = "<group>"; };
		CD053516297D1E18003C6B68 /* Preview Assets.xcassets */ = {isa = PBXFileReference; lastKnownFileType = folder.assetcatalog; path = "Preview Assets.xcassets"; sourceTree = "<group>"; };
		CD053526297D3060003C6B68 /* FeedView.swift */ = {isa = PBXFileReference; lastKnownFileType = sourcecode.swift; path = FeedView.swift; sourceTree = "<group>"; };
		CD053529297D31F6003C6B68 /* TweetRowView.swift */ = {isa = PBXFileReference; lastKnownFileType = sourcecode.swift; path = TweetRowView.swift; sourceTree = "<group>"; };
		CD05352C297D4467003C6B68 /* MainTapView.swift */ = {isa = PBXFileReference; lastKnownFileType = sourcecode.swift; path = MainTapView.swift; sourceTree = "<group>"; };
		CD053532297D45AA003C6B68 /* ExploreView.swift */ = {isa = PBXFileReference; lastKnownFileType = sourcecode.swift; path = ExploreView.swift; sourceTree = "<group>"; };
		CD053534297D45C0003C6B68 /* NotificationView.swift */ = {isa = PBXFileReference; lastKnownFileType = sourcecode.swift; path = NotificationView.swift; sourceTree = "<group>"; };
		CD053536297D45D6003C6B68 /* MessageView.swift */ = {isa = PBXFileReference; lastKnownFileType = sourcecode.swift; path = MessageView.swift; sourceTree = "<group>"; };
		CD05353A297D4694003C6B68 /* ProfileView.swift */ = {isa = PBXFileReference; lastKnownFileType = sourcecode.swift; path = ProfileView.swift; sourceTree = "<group>"; };
		CD05353C297D4F5C003C6B68 /* TweetFilterViewModel.swift */ = {isa = PBXFileReference; lastKnownFileType = sourcecode.swift; path = TweetFilterViewModel.swift; sourceTree = "<group>"; };
		CD0818F32993EC5B00285442 /* ExploreViewModel.swift */ = {isa = PBXFileReference; lastKnownFileType = sourcecode.swift; path = ExploreViewModel.swift; sourceTree = "<group>"; };
		CD1A72C529968E9500B0EF11 /* TweetService.swift */ = {isa = PBXFileReference; lastKnownFileType = sourcecode.swift; path = TweetService.swift; sourceTree = "<group>"; };
		CD1A72C72996903B00B0EF11 /* UploadTweetViewModel.swift */ = {isa = PBXFileReference; lastKnownFileType = sourcecode.swift; path = UploadTweetViewModel.swift; sourceTree = "<group>"; };
		CD1A72C9299694F300B0EF11 /* FeedViewModel.swift */ = {isa = PBXFileReference; lastKnownFileType = sourcecode.swift; path = FeedViewModel.swift; sourceTree = "<group>"; };
		CD1A72CB2996958900B0EF11 /* Tweet.swift */ = {isa = PBXFileReference; lastKnownFileType = sourcecode.swift; path = Tweet.swift; sourceTree = "<group>"; };
		CD1A72CD29969B9B00B0EF11 /* ProfileViewModel.swift */ = {isa = PBXFileReference; lastKnownFileType = sourcecode.swift; path = ProfileViewModel.swift; sourceTree = "<group>"; };
		CD24ED72298C9ACA00F3705B /* ProfilePhotoSelectorView.swift */ = {isa = PBXFileReference; lastKnownFileType = sourcecode.swift; path = ProfilePhotoSelectorView.swift; sourceTree = "<group>"; };
		CD24ED75298CA40C00F3705B /* ImagePicker.swift */ = {isa = PBXFileReference; lastKnownFileType = sourcecode.swift; path = ImagePicker.swift; sourceTree = "<group>"; };
		CD24ED77298CAD4300F3705B /* ImageUploader.swift */ = {isa = PBXFileReference; lastKnownFileType = sourcecode.swift; path = ImageUploader.swift; sourceTree = "<group>"; };
		CD2A92242980F28900FA4145 /* UserRowView.swift */ = {isa = PBXFileReference; lastKnownFileType = sourcecode.swift; path = UserRowView.swift; sourceTree = "<group>"; };
		CD2A92292980F62200FA4145 /* SideMenuView.swift */ = {isa = PBXFileReference; lastKnownFileType = sourcecode.swift; path = SideMenuView.swift; sourceTree = "<group>"; };
		CD2A922C2980F62F00FA4145 /* SidMenuRowView.swift */ = {isa = PBXFileReference; lastKnownFileType = sourcecode.swift; path = SidMenuRowView.swift; sourceTree = "<group>"; };
		CD2A922E2980F63C00FA4145 /* SideMenuViewModel.swift */ = {isa = PBXFileReference; lastKnownFileType = sourcecode.swift; path = SideMenuViewModel.swift; sourceTree = "<group>"; };
		CD2A92302980F7B700FA4145 /* UserStatsView.swift */ = {isa = PBXFileReference; lastKnownFileType = sourcecode.swift; path = UserStatsView.swift; sourceTree = "<group>"; };
		CD2A92322981026700FA4145 /* SideMenuOptionRowView.swift */ = {isa = PBXFileReference; lastKnownFileType = sourcecode.swift; path = SideMenuOptionRowView.swift; sourceTree = "<group>"; };
		CD59936B2988DE480072301F /* AuthHeaderView.swift */ = {isa = PBXFileReference; lastKnownFileType = sourcecode.swift; path = AuthHeaderView.swift; sourceTree = "<group>"; };
		CD59936D2988E2C20072301F /* GoogleService-Info.plist */ = {isa = PBXFileReference; lastKnownFileType = text.plist; path = "GoogleService-Info.plist"; sourceTree = SOURCE_ROOT; };
		CD5993782988E5B00072301F /* AuthViewModel.swift */ = {isa = PBXFileReference; lastKnownFileType = sourcecode.swift; path = AuthViewModel.swift; sourceTree = "<group>"; };
		CD91B97F29986ABC00B74AAB /* TweetRowViewModel.swift */ = {isa = PBXFileReference; lastKnownFileType = sourcecode.swift; path = TweetRowViewModel.swift; sourceTree = "<group>"; };
		CDA9A3722984B65100B56581 /* NewTweetView.swift */ = {isa = PBXFileReference; lastKnownFileType = sourcecode.swift; path = NewTweetView.swift; sourceTree = "<group>"; };
		CDA9A3742984B73F00B56581 /* TextArea.swift */ = {isa = PBXFileReference; lastKnownFileType = sourcecode.swift; path = TextArea.swift; sourceTree = "<group>"; };
		CDA9A3792984BE5600B56581 /* LoginView.swift */ = {isa = PBXFileReference; lastKnownFileType = sourcecode.swift; path = LoginView.swift; sourceTree = "<group>"; };
		CDA9A37B2984BE5F00B56581 /* RegistrationView.swift */ = {isa = PBXFileReference; lastKnownFileType = sourcecode.swift; path = RegistrationView.swift; sourceTree = "<group>"; };
		CDA9A37D2984C00A00B56581 /* RoundedShape.swift */ = {isa = PBXFileReference; lastKnownFileType = sourcecode.swift; path = RoundedShape.swift; sourceTree = "<group>"; };
		CDA9A37F2984C5AA00B56581 /* CustomInputField.swift */ = {isa = PBXFileReference; lastKnownFileType = sourcecode.swift; path = CustomInputField.swift; sourceTree = "<group>"; };
		CDCE6877299689FC00AD2E51 /* SearchBar.swift */ = {isa = PBXFileReference; lastKnownFileType = sourcecode.swift; path = SearchBar.swift; sourceTree = "<group>"; };
		CDF94F6B29932AF00071B283 /* UserService.swift */ = {isa = PBXFileReference; lastKnownFileType = sourcecode.swift; path = UserService.swift; sourceTree = "<group>"; };
		CDF94F6E29932C8A0071B283 /* User.swift */ = {isa = PBXFileReference; lastKnownFileType = sourcecode.swift; path = User.swift; sourceTree = "<group>"; };
/* End PBXFileReference section */

/* Begin PBXFrameworksBuildPhase section */
		CD053509297D1E17003C6B68 /* Frameworks */ = {
			isa = PBXFrameworksBuildPhase;
			buildActionMask = 2147483647;
			files = (
				CD5993712988E3F00072301F /* FirebaseAuth in Frameworks */,
				CD5993772988E3F00072301F /* FirebaseStorage in Frameworks */,
				CD5993732988E3F00072301F /* FirebaseFirestore in Frameworks */,
				CD5993752988E3F00072301F /* FirebaseFirestoreSwift in Frameworks */,
				CDF94F722993360C0071B283 /* Kingfisher in Frameworks */,
			);
			runOnlyForDeploymentPostprocessing = 0;
		};
/* End PBXFrameworksBuildPhase section */

/* Begin PBXGroup section */
		CD053503297D1E17003C6B68 = {
			isa = PBXGroup;
			children = (
				CD05350E297D1E17003C6B68 /* TwitterSwiftUIClone */,
				CD05350D297D1E17003C6B68 /* Products */,
			);
			sourceTree = "<group>";
		};
		CD05350D297D1E17003C6B68 /* Products */ = {
			isa = PBXGroup;
			children = (
				CD05350C297D1E17003C6B68 /* TwitterSwiftUIClone.app */,
			);
			name = Products;
			sourceTree = "<group>";
		};
		CD05350E297D1E17003C6B68 /* TwitterSwiftUIClone */ = {
			isa = PBXGroup;
			children = (
				CD24ED74298CA3FA00F3705B /* Utils */,
				CD053521297D1E60003C6B68 /* Extensions */,
				CD053520297D1E5C003C6B68 /* Model */,
				CD05351F297D1E59003C6B68 /* Service */,
				CD05351D297D1E43003C6B68 /* Core */,
				CD05350F297D1E17003C6B68 /* TwitterSwiftUICloneApp.swift */,
				CD053511297D1E17003C6B68 /* ContentView.swift */,
				CD053513297D1E18003C6B68 /* Assets.xcassets */,
				CD59936D2988E2C20072301F /* GoogleService-Info.plist */,
				CD053515297D1E18003C6B68 /* Preview Content */,
			);
			path = TwitterSwiftUIClone;
			sourceTree = "<group>";
		};
		CD053515297D1E18003C6B68 /* Preview Content */ = {
			isa = PBXGroup;
			children = (
				CD053516297D1E18003C6B68 /* Preview Assets.xcassets */,
			);
			path = "Preview Content";
			sourceTree = "<group>";
		};
		CD05351D297D1E43003C6B68 /* Core */ = {
			isa = PBXGroup;
			children = (
				CD053522297D1E7B003C6B68 /* Components */,
				CDA9A3762984BE3800B56581 /* Authentication */,
				CDA9A36F2984B63400B56581 /* UploadTweet */,
				CD2A92262980F60C00FA4145 /* SideMenu */,
				CD05352E297D457A003C6B68 /* Explore */,
				CD053531297D458D003C6B68 /* Profile */,
				CD053530297D4588003C6B68 /* Messages */,
				CD05352F297D4581003C6B68 /* Notifications */,
				CD05352B297D4458003C6B68 /* MainTab */,
				CD053523297D1E84003C6B68 /* Feed */,
			);
			path = Core;
			sourceTree = "<group>";
		};
		CD05351F297D1E59003C6B68 /* Service */ = {
			isa = PBXGroup;
			children = (
				CD24ED77298CAD4300F3705B /* ImageUploader.swift */,
				CDF94F6B29932AF00071B283 /* UserService.swift */,
				CD1A72C529968E9500B0EF11 /* TweetService.swift */,
			);
			path = Service;
			sourceTree = "<group>";
		};
		CD053520297D1E5C003C6B68 /* Model */ = {
			isa = PBXGroup;
			children = (
				CDF94F6E29932C8A0071B283 /* User.swift */,
				CD1A72CB2996958900B0EF11 /* Tweet.swift */,
			);
			path = Model;
			sourceTree = "<group>";
		};
		CD053521297D1E60003C6B68 /* Extensions */ = {
			isa = PBXGroup;
			children = (
			);
			path = Extensions;
			sourceTree = "<group>";
		};
		CD053522297D1E7B003C6B68 /* Components */ = {
			isa = PBXGroup;
			children = (
				CD59936A2988DE3A0072301F /* Authentication */,
				CD2A92232980F27800FA4145 /* Users */,
				CD053528297D31CF003C6B68 /* Tweets */,
				CDA9A3742984B73F00B56581 /* TextArea.swift */,
				CDA9A37D2984C00A00B56581 /* RoundedShape.swift */,
				CDA9A37F2984C5AA00B56581 /* CustomInputField.swift */,
				CDCE6877299689FC00AD2E51 /* SearchBar.swift */,
			);
			path = Components;
			sourceTree = "<group>";
		};
		CD053523297D1E84003C6B68 /* Feed */ = {
			isa = PBXGroup;
			children = (
				CD053524297D303C003C6B68 /* ViewModels */,
				CD053525297D3048003C6B68 /* View */,
			);
			path = Feed;
			sourceTree = "<group>";
		};
		CD053524297D303C003C6B68 /* ViewModels */ = {
			isa = PBXGroup;
			children = (
				CD1A72C9299694F300B0EF11 /* FeedViewModel.swift */,
			);
			path = ViewModels;
			sourceTree = "<group>";
		};
		CD053525297D3048003C6B68 /* View */ = {
			isa = PBXGroup;
			children = (
				CD053526297D3060003C6B68 /* FeedView.swift */,
			);
			path = View;
			sourceTree = "<group>";
		};
		CD053528297D31CF003C6B68 /* Tweets */ = {
			isa = PBXGroup;
			children = (
				CD91B97E29986AA800B74AAB /* ViewModels */,
				CD91B97D29986A9800B74AAB /* Views */,
			);
			path = Tweets;
			sourceTree = "<group>";
		};
		CD05352B297D4458003C6B68 /* MainTab */ = {
			isa = PBXGroup;
			children = (
				CD05352C297D4467003C6B68 /* MainTapView.swift */,
			);
			path = MainTab;
			sourceTree = "<group>";
		};
		CD05352E297D457A003C6B68 /* Explore */ = {
			isa = PBXGroup;
			children = (
				CD2A92222980F26500FA4145 /* ViewModels */,
				CD2A92212980F25F00FA4145 /* Views */,
				CD053532297D45AA003C6B68 /* ExploreView.swift */,
			);
			path = Explore;
			sourceTree = "<group>";
		};
		CD05352F297D4581003C6B68 /* Notifications */ = {
			isa = PBXGroup;
			children = (
				CD053534297D45C0003C6B68 /* NotificationView.swift */,
			);
			path = Notifications;
			sourceTree = "<group>";
		};
		CD053530297D4588003C6B68 /* Messages */ = {
			isa = PBXGroup;
			children = (
				CD053536297D45D6003C6B68 /* MessageView.swift */,
			);
			path = Messages;
			sourceTree = "<group>";
		};
		CD053531297D458D003C6B68 /* Profile */ = {
			isa = PBXGroup;
			children = (
				CD053539297D4680003C6B68 /* ViewModels */,
				CD053538297D467A003C6B68 /* Views */,
			);
			path = Profile;
			sourceTree = "<group>";
		};
		CD053538297D467A003C6B68 /* Views */ = {
			isa = PBXGroup;
			children = (
				CD05353A297D4694003C6B68 /* ProfileView.swift */,
			);
			path = Views;
			sourceTree = "<group>";
		};
		CD053539297D4680003C6B68 /* ViewModels */ = {
			isa = PBXGroup;
			children = (
				CD05353C297D4F5C003C6B68 /* TweetFilterViewModel.swift */,
				CD1A72CD29969B9B00B0EF11 /* ProfileViewModel.swift */,
			);
			path = ViewModels;
			sourceTree = "<group>";
		};
		CD24ED74298CA3FA00F3705B /* Utils */ = {
			isa = PBXGroup;
			children = (
				CD24ED75298CA40C00F3705B /* ImagePicker.swift */,
			);
			path = Utils;
			sourceTree = "<group>";
		};
		CD2A92212980F25F00FA4145 /* Views */ = {
			isa = PBXGroup;
			children = (
			);
			path = Views;
			sourceTree = "<group>";
		};
		CD2A92222980F26500FA4145 /* ViewModels */ = {
			isa = PBXGroup;
			children = (
				CD0818F32993EC5B00285442 /* ExploreViewModel.swift */,
			);
			path = ViewModels;
			sourceTree = "<group>";
		};
		CD2A92232980F27800FA4145 /* Users */ = {
			isa = PBXGroup;
			children = (
				CD2A92242980F28900FA4145 /* UserRowView.swift */,
				CD2A92302980F7B700FA4145 /* UserStatsView.swift */,
			);
			path = Users;
			sourceTree = "<group>";
		};
		CD2A92262980F60C00FA4145 /* SideMenu */ = {
			isa = PBXGroup;
			children = (
				CD2A92282980F61700FA4145 /* ViewModels */,
				CD2A92272980F61300FA4145 /* Views */,
			);
			path = SideMenu;
			sourceTree = "<group>";
		};
		CD2A92272980F61300FA4145 /* Views */ = {
			isa = PBXGroup;
			children = (
				CD2A92292980F62200FA4145 /* SideMenuView.swift */,
				CD2A922C2980F62F00FA4145 /* SidMenuRowView.swift */,
				CD2A92322981026700FA4145 /* SideMenuOptionRowView.swift */,
			);
			path = Views;
			sourceTree = "<group>";
		};
		CD2A92282980F61700FA4145 /* ViewModels */ = {
			isa = PBXGroup;
			children = (
				CD2A922E2980F63C00FA4145 /* SideMenuViewModel.swift */,
			);
			path = ViewModels;
			sourceTree = "<group>";
		};
		CD59936A2988DE3A0072301F /* Authentication */ = {
			isa = PBXGroup;
			children = (
				CD59936B2988DE480072301F /* AuthHeaderView.swift */,
			);
			path = Authentication;
			sourceTree = "<group>";
		};
		CD91B97D29986A9800B74AAB /* Views */ = {
			isa = PBXGroup;
			children = (
				CD053529297D31F6003C6B68 /* TweetRowView.swift */,
			);
			path = Views;
			sourceTree = "<group>";
		};
		CD91B97E29986AA800B74AAB /* ViewModels */ = {
			isa = PBXGroup;
			children = (
				CD91B97F29986ABC00B74AAB /* TweetRowViewModel.swift */,
			);
			path = ViewModels;
			sourceTree = "<group>";
		};
		CDA9A36F2984B63400B56581 /* UploadTweet */ = {
			isa = PBXGroup;
			children = (
				CDA9A3712984B64200B56581 /* ViewModels */,
				CDA9A3702984B63E00B56581 /* Views */,
			);
			path = UploadTweet;
			sourceTree = "<group>";
		};
		CDA9A3702984B63E00B56581 /* Views */ = {
			isa = PBXGroup;
			children = (
				CDA9A3722984B65100B56581 /* NewTweetView.swift */,
			);
			path = Views;
			sourceTree = "<group>";
		};
		CDA9A3712984B64200B56581 /* ViewModels */ = {
			isa = PBXGroup;
			children = (
				CD1A72C72996903B00B0EF11 /* UploadTweetViewModel.swift */,
			);
			path = ViewModels;
			sourceTree = "<group>";
		};
		CDA9A3762984BE3800B56581 /* Authentication */ = {
			isa = PBXGroup;
			children = (
				CDA9A3782984BE4700B56581 /* ViewModels */,
				CDA9A3772984BE4200B56581 /* Views */,
			);
			path = Authentication;
			sourceTree = "<group>";
		};
		CDA9A3772984BE4200B56581 /* Views */ = {
			isa = PBXGroup;
			children = (
				CDA9A3792984BE5600B56581 /* LoginView.swift */,
				CDA9A37B2984BE5F00B56581 /* RegistrationView.swift */,
				CD24ED72298C9ACA00F3705B /* ProfilePhotoSelectorView.swift */,
			);
			path = Views;
			sourceTree = "<group>";
		};
		CDA9A3782984BE4700B56581 /* ViewModels */ = {
			isa = PBXGroup;
			children = (
				CD5993782988E5B00072301F /* AuthViewModel.swift */,
			);
			path = ViewModels;
			sourceTree = "<group>";
		};
/* End PBXGroup section */

/* Begin PBXNativeTarget section */
		CD05350B297D1E17003C6B68 /* TwitterSwiftUIClone */ = {
			isa = PBXNativeTarget;
			buildConfigurationList = CD05351A297D1E18003C6B68 /* Build configuration list for PBXNativeTarget "TwitterSwiftUIClone" */;
			buildPhases = (
				CD053508297D1E17003C6B68 /* Sources */,
				CD053509297D1E17003C6B68 /* Frameworks */,
				CD05350A297D1E17003C6B68 /* Resources */,
			);
			buildRules = (
			);
			dependencies = (
			);
			name = TwitterSwiftUIClone;
			packageProductDependencies = (
				CD5993702988E3F00072301F /* FirebaseAuth */,
				CD5993722988E3F00072301F /* FirebaseFirestore */,
				CD5993742988E3F00072301F /* FirebaseFirestoreSwift */,
				CD5993762988E3F00072301F /* FirebaseStorage */,
				CDF94F712993360C0071B283 /* Kingfisher */,
			);
			productName = TwitterSwiftUIClone;
			productReference = CD05350C297D1E17003C6B68 /* TwitterSwiftUIClone.app */;
			productType = "com.apple.product-type.application";
		};
/* End PBXNativeTarget section */

/* Begin PBXProject section */
		CD053504297D1E17003C6B68 /* Project object */ = {
			isa = PBXProject;
			attributes = {
				BuildIndependentTargetsInParallel = 1;
				LastSwiftUpdateCheck = 1420;
				LastUpgradeCheck = 1420;
				TargetAttributes = {
					CD05350B297D1E17003C6B68 = {
						CreatedOnToolsVersion = 14.2;
					};
				};
			};
			buildConfigurationList = CD053507297D1E17003C6B68 /* Build configuration list for PBXProject "TwitterSwiftUIClone" */;
			compatibilityVersion = "Xcode 14.0";
			developmentRegion = en;
			hasScannedForEncodings = 0;
			knownRegions = (
				en,
				Base,
			);
			mainGroup = CD053503297D1E17003C6B68;
			packageReferences = (
				CD59936F2988E3F00072301F /* XCRemoteSwiftPackageReference "firebase-ios-sdk" */,
				CDF94F702993360C0071B283 /* XCRemoteSwiftPackageReference "Kingfisher" */,
			);
			productRefGroup = CD05350D297D1E17003C6B68 /* Products */;
			projectDirPath = "";
			projectRoot = "";
			targets = (
				CD05350B297D1E17003C6B68 /* TwitterSwiftUIClone */,
			);
		};
/* End PBXProject section */

/* Begin PBXResourcesBuildPhase section */
		CD05350A297D1E17003C6B68 /* Resources */ = {
			isa = PBXResourcesBuildPhase;
			buildActionMask = 2147483647;
			files = (
				CD053517297D1E18003C6B68 /* Preview Assets.xcassets in Resources */,
				CD053514297D1E18003C6B68 /* Assets.xcassets in Resources */,
				CD59936E2988E2C20072301F /* GoogleService-Info.plist in Resources */,
			);
			runOnlyForDeploymentPostprocessing = 0;
		};
/* End PBXResourcesBuildPhase section */

/* Begin PBXSourcesBuildPhase section */
		CD053508297D1E17003C6B68 /* Sources */ = {
			isa = PBXSourcesBuildPhase;
			buildActionMask = 2147483647;
			files = (
				CDF94F6C29932AF00071B283 /* UserService.swift in Sources */,
				CD053512297D1E17003C6B68 /* ContentView.swift in Sources */,
				CD05353B297D4694003C6B68 /* ProfileView.swift in Sources */,
				CD05352D297D4467003C6B68 /* MainTapView.swift in Sources */,
				CD053535297D45C0003C6B68 /* NotificationView.swift in Sources */,
				CD59936C2988DE480072301F /* AuthHeaderView.swift in Sources */,
				CDCE6878299689FC00AD2E51 /* SearchBar.swift in Sources */,
				CD1A72C629968E9500B0EF11 /* TweetService.swift in Sources */,
				CD0818F42993EC5B00285442 /* ExploreViewModel.swift in Sources */,
				CD05353D297D4F5C003C6B68 /* TweetFilterViewModel.swift in Sources */,
				CD05352A297D31F6003C6B68 /* TweetRowView.swift in Sources */,
				CD91B98029986ABC00B74AAB /* TweetRowViewModel.swift in Sources */,
				CDF94F6F29932C8A0071B283 /* User.swift in Sources */,
				CDA9A3802984C5AA00B56581 /* CustomInputField.swift in Sources */,
				CD053537297D45D6003C6B68 /* MessageView.swift in Sources */,
				CD1A72C82996903B00B0EF11 /* UploadTweetViewModel.swift in Sources */,
				CDA9A3752984B74000B56581 /* TextArea.swift in Sources */,
				CD053527297D3060003C6B68 /* FeedView.swift in Sources */,
				CD2A922A2980F62200FA4145 /* SideMenuView.swift in Sources */,
				CD1A72CA299694F300B0EF11 /* FeedViewModel.swift in Sources */,
				CDA9A3732984B65100B56581 /* NewTweetView.swift in Sources */,
				CD24ED76298CA40C00F3705B /* ImagePicker.swift in Sources */,
				CD2A92252980F28900FA4145 /* UserRowView.swift in Sources */,
				CD24ED73298C9ACA00F3705B /* ProfilePhotoSelectorView.swift in Sources */,
				CD2A922F2980F63C00FA4145 /* SideMenuViewModel.swift in Sources */,
				CD053533297D45AA003C6B68 /* ExploreView.swift in Sources */,
				CDA9A37E2984C00A00B56581 /* RoundedShape.swift in Sources */,
				CD2A92332981026700FA4145 /* SideMenuOptionRowView.swift in Sources */,
				CD2A922D2980F62F00FA4145 /* SidMenuRowView.swift in Sources */,
				CDA9A37A2984BE5600B56581 /* LoginView.swift in Sources */,
				CD5993792988E5B00072301F /* AuthViewModel.swift in Sources */,
				CD1A72CE29969B9B00B0EF11 /* ProfileViewModel.swift in Sources */,
				CD24ED78298CAD4300F3705B /* ImageUploader.swift in Sources */,
				CD1A72CC2996958900B0EF11 /* Tweet.swift in Sources */,
				CD053510297D1E17003C6B68 /* TwitterSwiftUICloneApp.swift in Sources */,
				CD2A92312980F7B700FA4145 /* UserStatsView.swift in Sources */,
				CDA9A37C2984BE5F00B56581 /* RegistrationView.swift in Sources */,
			);
			runOnlyForDeploymentPostprocessing = 0;
		};
/* End PBXSourcesBuildPhase section */

/* Begin XCBuildConfiguration section */
		CD053518297D1E18003C6B68 /* Debug */ = {
			isa = XCBuildConfiguration;
			buildSettings = {
				ALWAYS_SEARCH_USER_PATHS = NO;
				CLANG_ANALYZER_NONNULL = YES;
				CLANG_ANALYZER_NUMBER_OBJECT_CONVERSION = YES_AGGRESSIVE;
				CLANG_CXX_LANGUAGE_STANDARD = "gnu++20";
				CLANG_ENABLE_MODULES = YES;
				CLANG_ENABLE_OBJC_ARC = YES;
				CLANG_ENABLE_OBJC_WEAK = YES;
				CLANG_WARN_BLOCK_CAPTURE_AUTORELEASING = YES;
				CLANG_WARN_BOOL_CONVERSION = YES;
				CLANG_WARN_COMMA = YES;
				CLANG_WARN_CONSTANT_CONVERSION = YES;
				CLANG_WARN_DEPRECATED_OBJC_IMPLEMENTATIONS = YES;
				CLANG_WARN_DIRECT_OBJC_ISA_USAGE = YES_ERROR;
				CLANG_WARN_DOCUMENTATION_COMMENTS = YES;
				CLANG_WARN_EMPTY_BODY = YES;
				CLANG_WARN_ENUM_CONVERSION = YES;
				CLANG_WARN_INFINITE_RECURSION = YES;
				CLANG_WARN_INT_CONVERSION = YES;
				CLANG_WARN_NON_LITERAL_NULL_CONVERSION = YES;
				CLANG_WARN_OBJC_IMPLICIT_RETAIN_SELF = YES;
				CLANG_WARN_OBJC_LITERAL_CONVERSION = YES;
				CLANG_WARN_OBJC_ROOT_CLASS = YES_ERROR;
				CLANG_WARN_QUOTED_INCLUDE_IN_FRAMEWORK_HEADER = YES;
				CLANG_WARN_RANGE_LOOP_ANALYSIS = YES;
				CLANG_WARN_STRICT_PROTOTYPES = YES;
				CLANG_WARN_SUSPICIOUS_MOVE = YES;
				CLANG_WARN_UNGUARDED_AVAILABILITY = YES_AGGRESSIVE;
				CLANG_WARN_UNREACHABLE_CODE = YES;
				CLANG_WARN__DUPLICATE_METHOD_MATCH = YES;
				COPY_PHASE_STRIP = NO;
				DEBUG_INFORMATION_FORMAT = dwarf;
				ENABLE_STRICT_OBJC_MSGSEND = YES;
				ENABLE_TESTABILITY = YES;
				GCC_C_LANGUAGE_STANDARD = gnu11;
				GCC_DYNAMIC_NO_PIC = NO;
				GCC_NO_COMMON_BLOCKS = YES;
				GCC_OPTIMIZATION_LEVEL = 0;
				GCC_PREPROCESSOR_DEFINITIONS = (
					"DEBUG=1",
					"$(inherited)",
				);
				GCC_WARN_64_TO_32_BIT_CONVERSION = YES;
				GCC_WARN_ABOUT_RETURN_TYPE = YES_ERROR;
				GCC_WARN_UNDECLARED_SELECTOR = YES;
				GCC_WARN_UNINITIALIZED_AUTOS = YES_AGGRESSIVE;
				GCC_WARN_UNUSED_FUNCTION = YES;
				GCC_WARN_UNUSED_VARIABLE = YES;
				IPHONEOS_DEPLOYMENT_TARGET = 16.2;
				MTL_ENABLE_DEBUG_INFO = INCLUDE_SOURCE;
				MTL_FAST_MATH = YES;
				ONLY_ACTIVE_ARCH = YES;
				SDKROOT = iphoneos;
				SWIFT_ACTIVE_COMPILATION_CONDITIONS = DEBUG;
				SWIFT_OPTIMIZATION_LEVEL = "-Onone";
			};
			name = Debug;
		};
		CD053519297D1E18003C6B68 /* Release */ = {
			isa = XCBuildConfiguration;
			buildSettings = {
				ALWAYS_SEARCH_USER_PATHS = NO;
				CLANG_ANALYZER_NONNULL = YES;
				CLANG_ANALYZER_NUMBER_OBJECT_CONVERSION = YES_AGGRESSIVE;
				CLANG_CXX_LANGUAGE_STANDARD = "gnu++20";
				CLANG_ENABLE_MODULES = YES;
				CLANG_ENABLE_OBJC_ARC = YES;
				CLANG_ENABLE_OBJC_WEAK = YES;
				CLANG_WARN_BLOCK_CAPTURE_AUTORELEASING = YES;
				CLANG_WARN_BOOL_CONVERSION = YES;
				CLANG_WARN_COMMA = YES;
				CLANG_WARN_CONSTANT_CONVERSION = YES;
				CLANG_WARN_DEPRECATED_OBJC_IMPLEMENTATIONS = YES;
				CLANG_WARN_DIRECT_OBJC_ISA_USAGE = YES_ERROR;
				CLANG_WARN_DOCUMENTATION_COMMENTS = YES;
				CLANG_WARN_EMPTY_BODY = YES;
				CLANG_WARN_ENUM_CONVERSION = YES;
				CLANG_WARN_INFINITE_RECURSION = YES;
				CLANG_WARN_INT_CONVERSION = YES;
				CLANG_WARN_NON_LITERAL_NULL_CONVERSION = YES;
				CLANG_WARN_OBJC_IMPLICIT_RETAIN_SELF = YES;
				CLANG_WARN_OBJC_LITERAL_CONVERSION = YES;
				CLANG_WARN_OBJC_ROOT_CLASS = YES_ERROR;
				CLANG_WARN_QUOTED_INCLUDE_IN_FRAMEWORK_HEADER = YES;
				CLANG_WARN_RANGE_LOOP_ANALYSIS = YES;
				CLANG_WARN_STRICT_PROTOTYPES = YES;
				CLANG_WARN_SUSPICIOUS_MOVE = YES;
				CLANG_WARN_UNGUARDED_AVAILABILITY = YES_AGGRESSIVE;
				CLANG_WARN_UNREACHABLE_CODE = YES;
				CLANG_WARN__DUPLICATE_METHOD_MATCH = YES;
				COPY_PHASE_STRIP = NO;
				DEBUG_INFORMATION_FORMAT = "dwarf-with-dsym";
				ENABLE_NS_ASSERTIONS = NO;
				ENABLE_STRICT_OBJC_MSGSEND = YES;
				GCC_C_LANGUAGE_STANDARD = gnu11;
				GCC_NO_COMMON_BLOCKS = YES;
				GCC_WARN_64_TO_32_BIT_CONVERSION = YES;
				GCC_WARN_ABOUT_RETURN_TYPE = YES_ERROR;
				GCC_WARN_UNDECLARED_SELECTOR = YES;
				GCC_WARN_UNINITIALIZED_AUTOS = YES_AGGRESSIVE;
				GCC_WARN_UNUSED_FUNCTION = YES;
				GCC_WARN_UNUSED_VARIABLE = YES;
				IPHONEOS_DEPLOYMENT_TARGET = 16.2;
				MTL_ENABLE_DEBUG_INFO = NO;
				MTL_FAST_MATH = YES;
				SDKROOT = iphoneos;
				SWIFT_COMPILATION_MODE = wholemodule;
				SWIFT_OPTIMIZATION_LEVEL = "-O";
				VALIDATE_PRODUCT = YES;
			};
			name = Release;
		};
		CD05351B297D1E18003C6B68 /* Debug */ = {
			isa = XCBuildConfiguration;
			buildSettings = {
				ASSETCATALOG_COMPILER_APPICON_NAME = AppIcon;
				ASSETCATALOG_COMPILER_GLOBAL_ACCENT_COLOR_NAME = AccentColor;
				CODE_SIGN_STYLE = Automatic;
				CURRENT_PROJECT_VERSION = 1;
				DEVELOPMENT_ASSET_PATHS = "\"TwitterSwiftUIClone/Preview Content\"";
				DEVELOPMENT_TEAM = U534S24426;
				ENABLE_PREVIEWS = YES;
				GENERATE_INFOPLIST_FILE = YES;
				INFOPLIST_KEY_UIApplicationSceneManifest_Generation = YES;
				INFOPLIST_KEY_UIApplicationSupportsIndirectInputEvents = YES;
				INFOPLIST_KEY_UILaunchScreen_Generation = YES;
				INFOPLIST_KEY_UISupportedInterfaceOrientations_iPad = "UIInterfaceOrientationPortrait UIInterfaceOrientationPortraitUpsideDown UIInterfaceOrientationLandscapeLeft UIInterfaceOrientationLandscapeRight";
				INFOPLIST_KEY_UISupportedInterfaceOrientations_iPhone = "UIInterfaceOrientationPortrait UIInterfaceOrientationLandscapeLeft UIInterfaceOrientationLandscapeRight";
				LD_RUNPATH_SEARCH_PATHS = (
					"$(inherited)",
					"@executable_path/Frameworks",
				);
				MARKETING_VERSION = 1.0;
				PRODUCT_BUNDLE_IDENTIFIER = com.yunhoCreative.TwitterSwiftUIClone;
				PRODUCT_NAME = "$(TARGET_NAME)";
				SUPPORTED_PLATFORMS = "iphoneos iphonesimulator";
				SUPPORTS_MACCATALYST = NO;
				SUPPORTS_MAC_DESIGNED_FOR_IPHONE_IPAD = NO;
				SWIFT_EMIT_LOC_STRINGS = YES;
				SWIFT_VERSION = 5.0;
				TARGETED_DEVICE_FAMILY = "1,2";
			};
			name = Debug;
		};
		CD05351C297D1E18003C6B68 /* Release */ = {
			isa = XCBuildConfiguration;
			buildSettings = {
				ASSETCATALOG_COMPILER_APPICON_NAME = AppIcon;
				ASSETCATALOG_COMPILER_GLOBAL_ACCENT_COLOR_NAME = AccentColor;
				CODE_SIGN_STYLE = Automatic;
				CURRENT_PROJECT_VERSION = 1;
				DEVELOPMENT_ASSET_PATHS = "\"TwitterSwiftUIClone/Preview Content\"";
				DEVELOPMENT_TEAM = U534S24426;
				ENABLE_PREVIEWS = YES;
				GENERATE_INFOPLIST_FILE = YES;
				INFOPLIST_KEY_UIApplicationSceneManifest_Generation = YES;
				INFOPLIST_KEY_UIApplicationSupportsIndirectInputEvents = YES;
				INFOPLIST_KEY_UILaunchScreen_Generation = YES;
				INFOPLIST_KEY_UISupportedInterfaceOrientations_iPad = "UIInterfaceOrientationPortrait UIInterfaceOrientationPortraitUpsideDown UIInterfaceOrientationLandscapeLeft UIInterfaceOrientationLandscapeRight";
				INFOPLIST_KEY_UISupportedInterfaceOrientations_iPhone = "UIInterfaceOrientationPortrait UIInterfaceOrientationLandscapeLeft UIInterfaceOrientationLandscapeRight";
				LD_RUNPATH_SEARCH_PATHS = (
					"$(inherited)",
					"@executable_path/Frameworks",
				);
				MARKETING_VERSION = 1.0;
				PRODUCT_BUNDLE_IDENTIFIER = com.yunhoCreative.TwitterSwiftUIClone;
				PRODUCT_NAME = "$(TARGET_NAME)";
				SUPPORTED_PLATFORMS = "iphoneos iphonesimulator";
				SUPPORTS_MACCATALYST = NO;
				SUPPORTS_MAC_DESIGNED_FOR_IPHONE_IPAD = NO;
				SWIFT_EMIT_LOC_STRINGS = YES;
				SWIFT_VERSION = 5.0;
				TARGETED_DEVICE_FAMILY = "1,2";
			};
			name = Release;
		};
/* End XCBuildConfiguration section */

/* Begin XCConfigurationList section */
		CD053507297D1E17003C6B68 /* Build configuration list for PBXProject "TwitterSwiftUIClone" */ = {
			isa = XCConfigurationList;
			buildConfigurations = (
				CD053518297D1E18003C6B68 /* Debug */,
				CD053519297D1E18003C6B68 /* Release */,
			);
			defaultConfigurationIsVisible = 0;
			defaultConfigurationName = Release;
		};
		CD05351A297D1E18003C6B68 /* Build configuration list for PBXNativeTarget "TwitterSwiftUIClone" */ = {
			isa = XCConfigurationList;
			buildConfigurations = (
				CD05351B297D1E18003C6B68 /* Debug */,
				CD05351C297D1E18003C6B68 /* Release */,
			);
			defaultConfigurationIsVisible = 0;
			defaultConfigurationName = Release;
		};
/* End XCConfigurationList section */

/* Begin XCRemoteSwiftPackageReference section */
		CD59936F2988E3F00072301F /* XCRemoteSwiftPackageReference "firebase-ios-sdk" */ = {
			isa = XCRemoteSwiftPackageReference;
			repositoryURL = "https://github.com/firebase/firebase-ios-sdk";
			requirement = {
				kind = upToNextMajorVersion;
				minimumVersion = 9.0.0;
			};
		};
		CDF94F702993360C0071B283 /* XCRemoteSwiftPackageReference "Kingfisher" */ = {
			isa = XCRemoteSwiftPackageReference;
			repositoryURL = "https://github.com/onevcat/Kingfisher.git";
			requirement = {
				kind = upToNextMajorVersion;
				minimumVersion = 7.0.0;
			};
		};
/* End XCRemoteSwiftPackageReference section */

/* Begin XCSwiftPackageProductDependency section */
		CD5993702988E3F00072301F /* FirebaseAuth */ = {
			isa = XCSwiftPackageProductDependency;
			package = CD59936F2988E3F00072301F /* XCRemoteSwiftPackageReference "firebase-ios-sdk" */;
			productName = FirebaseAuth;
		};
		CD5993722988E3F00072301F /* FirebaseFirestore */ = {
			isa = XCSwiftPackageProductDependency;
			package = CD59936F2988E3F00072301F /* XCRemoteSwiftPackageReference "firebase-ios-sdk" */;
			productName = FirebaseFirestore;
		};
		CD5993742988E3F00072301F /* FirebaseFirestoreSwift */ = {
			isa = XCSwiftPackageProductDependency;
			package = CD59936F2988E3F00072301F /* XCRemoteSwiftPackageReference "firebase-ios-sdk" */;
			productName = FirebaseFirestoreSwift;
		};
		CD5993762988E3F00072301F /* FirebaseStorage */ = {
			isa = XCSwiftPackageProductDependency;
			package = CD59936F2988E3F00072301F /* XCRemoteSwiftPackageReference "firebase-ios-sdk" */;
			productName = FirebaseStorage;
		};
		CDF94F712993360C0071B283 /* Kingfisher */ = {
			isa = XCSwiftPackageProductDependency;
			package = CDF94F702993360C0071B283 /* XCRemoteSwiftPackageReference "Kingfisher" */;
			productName = Kingfisher;
		};
/* End XCSwiftPackageProductDependency section */
	};
	rootObject = CD053504297D1E17003C6B68 /* Project object */;
}
