// !$*UTF8*$!
{
	archiveVersion = 1;
	classes = {
	};
	objectVersion = 56;
	objects = {

/* Begin PBXBuildFile section */
		CDA9A38E2984EB9800B56581 /* Habit_trackingApp.swift in Sources */ = {isa = PBXBuildFile; fileRef = CDA9A38D2984EB9800B56581 /* Habit_trackingApp.swift */; };
		CDA9A3902984EB9800B56581 /* ContentView.swift in Sources */ = {isa = PBXBuildFile; fileRef = CDA9A38F2984EB9800B56581 /* ContentView.swift */; };
		CDA9A3922984EB9900B56581 /* Assets.xcassets in Resources */ = {isa = PBXBuildFile; fileRef = CDA9A3912984EB9900B56581 /* Assets.xcassets */; };
		CDA9A3952984EB9900B56581 /* Preview Assets.xcassets in Resources */ = {isa = PBXBuildFile; fileRef = CDA9A3942984EB9900B56581 /* Preview Assets.xcassets */; };
		CDA9A39D2984EECE00B56581 /* Habit.swift in Sources */ = {isa = PBXBuildFile; fileRef = CDA9A39C2984EECE00B56581 /* Habit.swift */; };
		CDA9A39F2984F12400B56581 /* MyHabits.swift in Sources */ = {isa = PBXBuildFile; fileRef = CDA9A39E2984F12400B56581 /* MyHabits.swift */; };
		CDA9A3A12984F17900B56581 /* HabitWithDate.swift in Sources */ = {isa = PBXBuildFile; fileRef = CDA9A3A02984F17900B56581 /* HabitWithDate.swift */; };
		CDA9A3A72984F97300B56581 /* HabitThumbnailView.swift in Sources */ = {isa = PBXBuildFile; fileRef = CDA9A3A62984F97300B56581 /* HabitThumbnailView.swift */; };
		CDA9A3A92984FD9C00B56581 /* AddHabitView.swift in Sources */ = {isa = PBXBuildFile; fileRef = CDA9A3A82984FD9C00B56581 /* AddHabitView.swift */; };
/* End PBXBuildFile section */

/* Begin PBXFileReference section */
		CDA9A38A2984EB9800B56581 /* Habit-tracking.app */ = {isa = PBXFileReference; explicitFileType = wrapper.application; includeInIndex = 0; path = "Habit-tracking.app"; sourceTree = BUILT_PRODUCTS_DIR; };
		CDA9A38D2984EB9800B56581 /* Habit_trackingApp.swift */ = {isa = PBXFileReference; lastKnownFileType = sourcecode.swift; path = Habit_trackingApp.swift; sourceTree = "<group>"; };
		CDA9A38F2984EB9800B56581 /* ContentView.swift */ = {isa = PBXFileReference; lastKnownFileType = sourcecode.swift; path = ContentView.swift; sourceTree = "<group>"; };
		CDA9A3912984EB9900B56581 /* Assets.xcassets */ = {isa = PBXFileReference; lastKnownFileType = folder.assetcatalog; path = Assets.xcassets; sourceTree = "<group>"; };
		CDA9A3942984EB9900B56581 /* Preview Assets.xcassets */ = {isa = PBXFileReference; lastKnownFileType = folder.assetcatalog; path = "Preview Assets.xcassets"; sourceTree = "<group>"; };
		CDA9A39C2984EECE00B56581 /* Habit.swift */ = {isa = PBXFileReference; lastKnownFileType = sourcecode.swift; path = Habit.swift; sourceTree = "<group>"; };
		CDA9A39E2984F12400B56581 /* MyHabits.swift */ = {isa = PBXFileReference; lastKnownFileType = sourcecode.swift; path = MyHabits.swift; sourceTree = "<group>"; };
		CDA9A3A02984F17900B56581 /* HabitWithDate.swift */ = {isa = PBXFileReference; lastKnownFileType = sourcecode.swift; path = HabitWithDate.swift; sourceTree = "<group>"; };
		CDA9A3A62984F97300B56581 /* HabitThumbnailView.swift */ = {isa = PBXFileReference; lastKnownFileType = sourcecode.swift; path = HabitThumbnailView.swift; sourceTree = "<group>"; };
		CDA9A3A82984FD9C00B56581 /* AddHabitView.swift */ = {isa = PBXFileReference; lastKnownFileType = sourcecode.swift; path = AddHabitView.swift; sourceTree = "<group>"; };
/* End PBXFileReference section */

/* Begin PBXFrameworksBuildPhase section */
		CDA9A3872984EB9800B56581 /* Frameworks */ = {
			isa = PBXFrameworksBuildPhase;
			buildActionMask = 2147483647;
			files = (
			);
			runOnlyForDeploymentPostprocessing = 0;
		};
/* End PBXFrameworksBuildPhase section */

/* Begin PBXGroup section */
		CDA9A3812984EB9800B56581 = {
			isa = PBXGroup;
			children = (
				CDA9A38C2984EB9800B56581 /* Habit-tracking */,
				CDA9A38B2984EB9800B56581 /* Products */,
			);
			sourceTree = "<group>";
		};
		CDA9A38B2984EB9800B56581 /* Products */ = {
			isa = PBXGroup;
			children = (
				CDA9A38A2984EB9800B56581 /* Habit-tracking.app */,
			);
			name = Products;
			sourceTree = "<group>";
		};
		CDA9A38C2984EB9800B56581 /* Habit-tracking */ = {
			isa = PBXGroup;
			children = (
				CDA9A39B2984EEB700B56581 /* ViewModels */,
				CDA9A38D2984EB9800B56581 /* Habit_trackingApp.swift */,
				CDA9A38F2984EB9800B56581 /* ContentView.swift */,
				CDA9A3A82984FD9C00B56581 /* AddHabitView.swift */,
				CDA9A3A62984F97300B56581 /* HabitThumbnailView.swift */,
				CDA9A3912984EB9900B56581 /* Assets.xcassets */,
				CDA9A3932984EB9900B56581 /* Preview Content */,
			);
			path = "Habit-tracking";
			sourceTree = "<group>";
		};
		CDA9A3932984EB9900B56581 /* Preview Content */ = {
			isa = PBXGroup;
			children = (
				CDA9A3942984EB9900B56581 /* Preview Assets.xcassets */,
			);
			path = "Preview Content";
			sourceTree = "<group>";
		};
		CDA9A39B2984EEB700B56581 /* ViewModels */ = {
			isa = PBXGroup;
			children = (
				CDA9A39C2984EECE00B56581 /* Habit.swift */,
				CDA9A39E2984F12400B56581 /* MyHabits.swift */,
				CDA9A3A02984F17900B56581 /* HabitWithDate.swift */,
			);
			path = ViewModels;
			sourceTree = "<group>";
		};
/* End PBXGroup section */

/* Begin PBXNativeTarget section */
		CDA9A3892984EB9800B56581 /* Habit-tracking */ = {
			isa = PBXNativeTarget;
			buildConfigurationList = CDA9A3982984EB9900B56581 /* Build configuration list for PBXNativeTarget "Habit-tracking" */;
			buildPhases = (
				CDA9A3862984EB9800B56581 /* Sources */,
				CDA9A3872984EB9800B56581 /* Frameworks */,
				CDA9A3882984EB9800B56581 /* Resources */,
			);
			buildRules = (
			);
			dependencies = (
			);
			name = "Habit-tracking";
			productName = "Habit-tracking";
			productReference = CDA9A38A2984EB9800B56581 /* Habit-tracking.app */;
			productType = "com.apple.product-type.application";
		};
/* End PBXNativeTarget section */

/* Begin PBXProject section */
		CDA9A3822984EB9800B56581 /* Project object */ = {
			isa = PBXProject;
			attributes = {
				BuildIndependentTargetsInParallel = 1;
				LastSwiftUpdateCheck = 1420;
				LastUpgradeCheck = 1420;
				TargetAttributes = {
					CDA9A3892984EB9800B56581 = {
						CreatedOnToolsVersion = 14.2;
					};
				};
			};
			buildConfigurationList = CDA9A3852984EB9800B56581 /* Build configuration list for PBXProject "Habit-tracking" */;
			compatibilityVersion = "Xcode 14.0";
			developmentRegion = en;
			hasScannedForEncodings = 0;
			knownRegions = (
				en,
				Base,
			);
			mainGroup = CDA9A3812984EB9800B56581;
			productRefGroup = CDA9A38B2984EB9800B56581 /* Products */;
			projectDirPath = "";
			projectRoot = "";
			targets = (
				CDA9A3892984EB9800B56581 /* Habit-tracking */,
			);
		};
/* End PBXProject section */

/* Begin PBXResourcesBuildPhase section */
		CDA9A3882984EB9800B56581 /* Resources */ = {
			isa = PBXResourcesBuildPhase;
			buildActionMask = 2147483647;
			files = (
				CDA9A3952984EB9900B56581 /* Preview Assets.xcassets in Resources */,
				CDA9A3922984EB9900B56581 /* Assets.xcassets in Resources */,
			);
			runOnlyForDeploymentPostprocessing = 0;
		};
/* End PBXResourcesBuildPhase section */

/* Begin PBXSourcesBuildPhase section */
		CDA9A3862984EB9800B56581 /* Sources */ = {
			isa = PBXSourcesBuildPhase;
			buildActionMask = 2147483647;
			files = (
				CDA9A39D2984EECE00B56581 /* Habit.swift in Sources */,
				CDA9A3902984EB9800B56581 /* ContentView.swift in Sources */,
				CDA9A3A92984FD9C00B56581 /* AddHabitView.swift in Sources */,
				CDA9A3A72984F97300B56581 /* HabitThumbnailView.swift in Sources */,
				CDA9A3A12984F17900B56581 /* HabitWithDate.swift in Sources */,
				CDA9A39F2984F12400B56581 /* MyHabits.swift in Sources */,
				CDA9A38E2984EB9800B56581 /* Habit_trackingApp.swift in Sources */,
			);
			runOnlyForDeploymentPostprocessing = 0;
		};
/* End PBXSourcesBuildPhase section */

/* Begin XCBuildConfiguration section */
		CDA9A3962984EB9900B56581 /* Debug */ = {
			isa = XCBuildConfiguration;
			buildSettings = {
				ALWAYS_SEARCH_USER_PATHS = NO;
				CLANG_ANALYZER_NONNULL = YES;
				CLANG_ANALYZER_NUMBER_OBJECT_CONVERSION = YES_AGGRESSIVE;
				CLANG_CXX_LANGUAGE_STANDARD = "gnu++20";
				CLANG_ENABLE_MODULES = YES;
				CLANG_ENABLE_OBJC_ARC = YES;
				CLANG_ENABLE_OBJC_WEAK = YES;
				CLANG_WARN_BLOCK_CAPTURE_AUTORELEASING = YES;
				CLANG_WARN_BOOL_CONVERSION = YES;
				CLANG_WARN_COMMA = YES;
				CLANG_WARN_CONSTANT_CONVERSION = YES;
				CLANG_WARN_DEPRECATED_OBJC_IMPLEMENTATIONS = YES;
				CLANG_WARN_DIRECT_OBJC_ISA_USAGE = YES_ERROR;
				CLANG_WARN_DOCUMENTATION_COMMENTS = YES;
				CLANG_WARN_EMPTY_BODY = YES;
				CLANG_WARN_ENUM_CONVERSION = YES;
				CLANG_WARN_INFINITE_RECURSION = YES;
				CLANG_WARN_INT_CONVERSION = YES;
				CLANG_WARN_NON_LITERAL_NULL_CONVERSION = YES;
				CLANG_WARN_OBJC_IMPLICIT_RETAIN_SELF = YES;
				CLANG_WARN_OBJC_LITERAL_CONVERSION = YES;
				CLANG_WARN_OBJC_ROOT_CLASS = YES_ERROR;
				CLANG_WARN_QUOTED_INCLUDE_IN_FRAMEWORK_HEADER = YES;
				CLANG_WARN_RANGE_LOOP_ANALYSIS = YES;
				CLANG_WARN_STRICT_PROTOTYPES = YES;
				CLANG_WARN_SUSPICIOUS_MOVE = YES;
				CLANG_WARN_UNGUARDED_AVAILABILITY = YES_AGGRESSIVE;
				CLANG_WARN_UNREACHABLE_CODE = YES;
				CLANG_WARN__DUPLICATE_METHOD_MATCH = YES;
				COPY_PHASE_STRIP = NO;
				DEBUG_INFORMATION_FORMAT = dwarf;
				ENABLE_STRICT_OBJC_MSGSEND = YES;
				ENABLE_TESTABILITY = YES;
				GCC_C_LANGUAGE_STANDARD = gnu11;
				GCC_DYNAMIC_NO_PIC = NO;
				GCC_NO_COMMON_BLOCKS = YES;
				GCC_OPTIMIZATION_LEVEL = 0;
				GCC_PREPROCESSOR_DEFINITIONS = (
					"DEBUG=1",
					"$(inherited)",
				);
				GCC_WARN_64_TO_32_BIT_CONVERSION = YES;
				GCC_WARN_ABOUT_RETURN_TYPE = YES_ERROR;
				GCC_WARN_UNDECLARED_SELECTOR = YES;
				GCC_WARN_UNINITIALIZED_AUTOS = YES_AGGRESSIVE;
				GCC_WARN_UNUSED_FUNCTION = YES;
				GCC_WARN_UNUSED_VARIABLE = YES;
				IPHONEOS_DEPLOYMENT_TARGET = 16.2;
				MTL_ENABLE_DEBUG_INFO = INCLUDE_SOURCE;
				MTL_FAST_MATH = YES;
				ONLY_ACTIVE_ARCH = YES;
				SDKROOT = iphoneos;
				SWIFT_ACTIVE_COMPILATION_CONDITIONS = DEBUG;
				SWIFT_OPTIMIZATION_LEVEL = "-Onone";
			};
			name = Debug;
		};
		CDA9A3972984EB9900B56581 /* Release */ = {
			isa = XCBuildConfiguration;
			buildSettings = {
				ALWAYS_SEARCH_USER_PATHS = NO;
				CLANG_ANALYZER_NONNULL = YES;
				CLANG_ANALYZER_NUMBER_OBJECT_CONVERSION = YES_AGGRESSIVE;
				CLANG_CXX_LANGUAGE_STANDARD = "gnu++20";
				CLANG_ENABLE_MODULES = YES;
				CLANG_ENABLE_OBJC_ARC = YES;
				CLANG_ENABLE_OBJC_WEAK = YES;
				CLANG_WARN_BLOCK_CAPTURE_AUTORELEASING = YES;
				CLANG_WARN_BOOL_CONVERSION = YES;
				CLANG_WARN_COMMA = YES;
				CLANG_WARN_CONSTANT_CONVERSION = YES;
				CLANG_WARN_DEPRECATED_OBJC_IMPLEMENTATIONS = YES;
				CLANG_WARN_DIRECT_OBJC_ISA_USAGE = YES_ERROR;
				CLANG_WARN_DOCUMENTATION_COMMENTS = YES;
				CLANG_WARN_EMPTY_BODY = YES;
				CLANG_WARN_ENUM_CONVERSION = YES;
				CLANG_WARN_INFINITE_RECURSION = YES;
				CLANG_WARN_INT_CONVERSION = YES;
				CLANG_WARN_NON_LITERAL_NULL_CONVERSION = YES;
				CLANG_WARN_OBJC_IMPLICIT_RETAIN_SELF = YES;
				CLANG_WARN_OBJC_LITERAL_CONVERSION = YES;
				CLANG_WARN_OBJC_ROOT_CLASS = YES_ERROR;
				CLANG_WARN_QUOTED_INCLUDE_IN_FRAMEWORK_HEADER = YES;
				CLANG_WARN_RANGE_LOOP_ANALYSIS = YES;
				CLANG_WARN_STRICT_PROTOTYPES = YES;
				CLANG_WARN_SUSPICIOUS_MOVE = YES;
				CLANG_WARN_UNGUARDED_AVAILABILITY = YES_AGGRESSIVE;
				CLANG_WARN_UNREACHABLE_CODE = YES;
				CLANG_WARN__DUPLICATE_METHOD_MATCH = YES;
				COPY_PHASE_STRIP = NO;
				DEBUG_INFORMATION_FORMAT = "dwarf-with-dsym";
				ENABLE_NS_ASSERTIONS = NO;
				ENABLE_STRICT_OBJC_MSGSEND = YES;
				GCC_C_LANGUAGE_STANDARD = gnu11;
				GCC_NO_COMMON_BLOCKS = YES;
				GCC_WARN_64_TO_32_BIT_CONVERSION = YES;
				GCC_WARN_ABOUT_RETURN_TYPE = YES_ERROR;
				GCC_WARN_UNDECLARED_SELECTOR = YES;
				GCC_WARN_UNINITIALIZED_AUTOS = YES_AGGRESSIVE;
				GCC_WARN_UNUSED_FUNCTION = YES;
				GCC_WARN_UNUSED_VARIABLE = YES;
				IPHONEOS_DEPLOYMENT_TARGET = 16.2;
				MTL_ENABLE_DEBUG_INFO = NO;
				MTL_FAST_MATH = YES;
				SDKROOT = iphoneos;
				SWIFT_COMPILATION_MODE = wholemodule;
				SWIFT_OPTIMIZATION_LEVEL = "-O";
				VALIDATE_PRODUCT = YES;
			};
			name = Release;
		};
		CDA9A3992984EB9900B56581 /* Debug */ = {
			isa = XCBuildConfiguration;
			buildSettings = {
				ASSETCATALOG_COMPILER_APPICON_NAME = AppIcon;
				ASSETCATALOG_COMPILER_GLOBAL_ACCENT_COLOR_NAME = AccentColor;
				CODE_SIGN_STYLE = Automatic;
				CURRENT_PROJECT_VERSION = 1;
				DEVELOPMENT_ASSET_PATHS = "\"Habit-tracking/Preview Content\"";
				DEVELOPMENT_TEAM = U534S24426;
				ENABLE_PREVIEWS = YES;
				GENERATE_INFOPLIST_FILE = YES;
				INFOPLIST_KEY_UIApplicationSceneManifest_Generation = YES;
				INFOPLIST_KEY_UIApplicationSupportsIndirectInputEvents = YES;
				INFOPLIST_KEY_UILaunchScreen_Generation = YES;
				INFOPLIST_KEY_UISupportedInterfaceOrientations_iPad = "UIInterfaceOrientationPortrait UIInterfaceOrientationPortraitUpsideDown UIInterfaceOrientationLandscapeLeft UIInterfaceOrientationLandscapeRight";
				INFOPLIST_KEY_UISupportedInterfaceOrientations_iPhone = "UIInterfaceOrientationPortrait UIInterfaceOrientationLandscapeLeft UIInterfaceOrientationLandscapeRight";
				LD_RUNPATH_SEARCH_PATHS = (
					"$(inherited)",
					"@executable_path/Frameworks",
				);
				MARKETING_VERSION = 1.0;
				PRODUCT_BUNDLE_IDENTIFIER = "com.yunhoCreative.Habit-tracking";
				PRODUCT_NAME = "$(TARGET_NAME)";
				SWIFT_EMIT_LOC_STRINGS = YES;
				SWIFT_VERSION = 5.0;
				TARGETED_DEVICE_FAMILY = "1,2";
			};
			name = Debug;
		};
		CDA9A39A2984EB9900B56581 /* Release */ = {
			isa = XCBuildConfiguration;
			buildSettings = {
				ASSETCATALOG_COMPILER_APPICON_NAME = AppIcon;
				ASSETCATALOG_COMPILER_GLOBAL_ACCENT_COLOR_NAME = AccentColor;
				CODE_SIGN_STYLE = Automatic;
				CURRENT_PROJECT_VERSION = 1;
				DEVELOPMENT_ASSET_PATHS = "\"Habit-tracking/Preview Content\"";
				DEVELOPMENT_TEAM = U534S24426;
				ENABLE_PREVIEWS = YES;
				GENERATE_INFOPLIST_FILE = YES;
				INFOPLIST_KEY_UIApplicationSceneManifest_Generation = YES;
				INFOPLIST_KEY_UIApplicationSupportsIndirectInputEvents = YES;
				INFOPLIST_KEY_UILaunchScreen_Generation = YES;
				INFOPLIST_KEY_UISupportedInterfaceOrientations_iPad = "UIInterfaceOrientationPortrait UIInterfaceOrientationPortraitUpsideDown UIInterfaceOrientationLandscapeLeft UIInterfaceOrientationLandscapeRight";
				INFOPLIST_KEY_UISupportedInterfaceOrientations_iPhone = "UIInterfaceOrientationPortrait UIInterfaceOrientationLandscapeLeft UIInterfaceOrientationLandscapeRight";
				LD_RUNPATH_SEARCH_PATHS = (
					"$(inherited)",
					"@executable_path/Frameworks",
				);
				MARKETING_VERSION = 1.0;
				PRODUCT_BUNDLE_IDENTIFIER = "com.yunhoCreative.Habit-tracking";
				PRODUCT_NAME = "$(TARGET_NAME)";
				SWIFT_EMIT_LOC_STRINGS = YES;
				SWIFT_VERSION = 5.0;
				TARGETED_DEVICE_FAMILY = "1,2";
			};
			name = Release;
		};
/* End XCBuildConfiguration section */

/* Begin XCConfigurationList section */
		CDA9A3852984EB9800B56581 /* Build configuration list for PBXProject "Habit-tracking" */ = {
			isa = XCConfigurationList;
			buildConfigurations = (
				CDA9A3962984EB9900B56581 /* Debug */,
				CDA9A3972984EB9900B56581 /* Release */,
			);
			defaultConfigurationIsVisible = 0;
			defaultConfigurationName = Release;
		};
		CDA9A3982984EB9900B56581 /* Build configuration list for PBXNativeTarget "Habit-tracking" */ = {
			isa = XCConfigurationList;
			buildConfigurations = (
				CDA9A3992984EB9900B56581 /* Debug */,
				CDA9A39A2984EB9900B56581 /* Release */,
			);
			defaultConfigurationIsVisible = 0;
			defaultConfigurationName = Release;
		};
/* End XCConfigurationList section */
	};
	rootObject = CDA9A3822984EB9800B56581 /* Project object */;
}
